
Microsoft Visual Studio Solution File, Format Version 12.00
# Visual Studio Version 17
VisualStudioVersion = 17.3.32811.315
MinimumVisualStudioVersion = 10.0.40219.1
Project("{FAE04EC0-301F-11D3-BF4B-00C04F79EFBC}") = "DelegateDemo", "DelegateDemo.csproj", "{06A5EED7-CFE8-4E96-A506-0B17058D3FBA}"
EndProject
Global
	GlobalSection(SolutionConfigurationPlatforms) = preSolution
		Debug|Any CPU = Debug|Any CPU
		Release|Any CPU = Release|Any CPU
	EndGlobalSection
	GlobalSection(ProjectConfigurationPlatforms) = postSolution
		{06A5EED7-CFE8-4E96-A506-0B17058D3FBA}.Debug|Any CPU.ActiveCfg = Debug|Any CPU
		{06A5EED7-CFE8-4E96-A506-0B17058D3FBA}.Debug|Any CPU.Build.0 = Debug|Any CPU
		{06A5EED7-CFE8-4E96-A506-0B17058D3FBA}.Release|Any CPU.ActiveCfg = Release|Any CPU
		{06A5EED7-CFE8-4E96-A506-0B17058D3FBA}.Release|Any CPU.Build.0 = Release|Any CPU
	EndGlobalSection
	GlobalSection(SolutionProperties) = preSolution
		HideSolutionNode = FALSE
	EndGlobalSection
	GlobalSection(ExtensibilityGlobals) = postSolution
		SolutionGuid = {E17E9D50-E14A-4A5E-A74B-CCFEEC67B1C1}
	EndGlobalSection
EndGlobal
